
Microsoft Visual Studio Solution File, Format Version 12.00
# Visual Studio 15
VisualStudioVersion = 15.0.26124.0
MinimumVisualStudioVersion = 15.0.26124.0
Project("{FAE04EC0-301F-11D3-BF4B-00C04F79EFBC}") = "API", "API\API.csproj", "{1D7BACA7-3A45-4809-944F-447816CF21F5}"
EndProject
Project("{FAE04EC0-301F-11D3-BF4B-00C04F79EFBC}") = "ShareVM", "ShareVM\ShareVM.csproj", "{457F7E27-30D8-48D8-8950-B58E0DB00309}"
EndProject
Project("{FAE04EC0-301F-11D3-BF4B-00C04F79EFBC}") = "CustomerSite", "CustomerSite\CustomerSite.csproj", "{6529E296-B0B8-4741-B8F8-380B67D935FD}"
EndProject
Project("{FAE04EC0-301F-11D3-BF4B-00C04F79EFBC}") = "API.test", "API.test\API.test.csproj", "{E16252C1-3C43-456E-BE58-11B9E524553C}"
EndProject
Project("{FAE04EC0-301F-11D3-BF4B-00C04F79EFBC}") = "Domain", "Domain\Domain.csproj", "{223792CF-8B40-48FE-B91D-955A5AB54D58}"
EndProject
Global
	GlobalSection(SolutionConfigurationPlatforms) = preSolution
		Debug|Any CPU = Debug|Any CPU
		Debug|x64 = Debug|x64
		Debug|x86 = Debug|x86
		Release|Any CPU = Release|Any CPU
		Release|x64 = Release|x64
		Release|x86 = Release|x86
	EndGlobalSection
	GlobalSection(SolutionProperties) = preSolution
		HideSolutionNode = FALSE
	EndGlobalSection
	GlobalSection(ProjectConfigurationPlatforms) = postSolution
		{1D7BACA7-3A45-4809-944F-447816CF21F5}.Debug|Any CPU.ActiveCfg = Debug|Any CPU
		{1D7BACA7-3A45-4809-944F-447816CF21F5}.Debug|Any CPU.Build.0 = Debug|Any CPU
		{1D7BACA7-3A45-4809-944F-447816CF21F5}.Debug|x64.ActiveCfg = Debug|Any CPU
		{1D7BACA7-3A45-4809-944F-447816CF21F5}.Debug|x64.Build.0 = Debug|Any CPU
		{1D7BACA7-3A45-4809-944F-447816CF21F5}.Debug|x86.ActiveCfg = Debug|Any CPU
		{1D7BACA7-3A45-4809-944F-447816CF21F5}.Debug|x86.Build.0 = Debug|Any CPU
		{1D7BACA7-3A45-4809-944F-447816CF21F5}.Release|Any CPU.ActiveCfg = Release|Any CPU
		{1D7BACA7-3A45-4809-944F-447816CF21F5}.Release|Any CPU.Build.0 = Release|Any CPU
		{1D7BACA7-3A45-4809-944F-447816CF21F5}.Release|x64.ActiveCfg = Release|Any CPU
		{1D7BACA7-3A45-4809-944F-447816CF21F5}.Release|x64.Build.0 = Release|Any CPU
		{1D7BACA7-3A45-4809-944F-447816CF21F5}.Release|x86.ActiveCfg = Release|Any CPU
		{1D7BACA7-3A45-4809-944F-447816CF21F5}.Release|x86.Build.0 = Release|Any CPU
		{457F7E27-30D8-48D8-8950-B58E0DB00309}.Debug|Any CPU.ActiveCfg = Debug|Any CPU
		{457F7E27-30D8-48D8-8950-B58E0DB00309}.Debug|Any CPU.Build.0 = Debug|Any CPU
		{457F7E27-30D8-48D8-8950-B58E0DB00309}.Debug|x64.ActiveCfg = Debug|Any CPU
		{457F7E27-30D8-48D8-8950-B58E0DB00309}.Debug|x64.Build.0 = Debug|Any CPU
		{457F7E27-30D8-48D8-8950-B58E0DB00309}.Debug|x86.ActiveCfg = Debug|Any CPU
		{457F7E27-30D8-48D8-8950-B58E0DB00309}.Debug|x86.Build.0 = Debug|Any CPU
		{457F7E27-30D8-48D8-8950-B58E0DB00309}.Release|Any CPU.ActiveCfg = Release|Any CPU
		{457F7E27-30D8-48D8-8950-B58E0DB00309}.Release|Any CPU.Build.0 = Release|Any CPU
		{457F7E27-30D8-48D8-8950-B58E0DB00309}.Release|x64.ActiveCfg = Release|Any CPU
		{457F7E27-30D8-48D8-8950-B58E0DB00309}.Release|x64.Build.0 = Release|Any CPU
		{457F7E27-30D8-48D8-8950-B58E0DB00309}.Release|x86.ActiveCfg = Release|Any CPU
		{457F7E27-30D8-48D8-8950-B58E0DB00309}.Release|x86.Build.0 = Release|Any CPU
		{6529E296-B0B8-4741-B8F8-380B67D935FD}.Debug|Any CPU.ActiveCfg = Debug|Any CPU
		{6529E296-B0B8-4741-B8F8-380B67D935FD}.Debug|Any CPU.Build.0 = Debug|Any CPU
		{6529E296-B0B8-4741-B8F8-380B67D935FD}.Debug|x64.ActiveCfg = Debug|Any CPU
		{6529E296-B0B8-4741-B8F8-380B67D935FD}.Debug|x64.Build.0 = Debug|Any CPU
		{6529E296-B0B8-4741-B8F8-380B67D935FD}.Debug|x86.ActiveCfg = Debug|Any CPU
		{6529E296-B0B8-4741-B8F8-380B67D935FD}.Debug|x86.Build.0 = Debug|Any CPU
		{6529E296-B0B8-4741-B8F8-380B67D935FD}.Release|Any CPU.ActiveCfg = Release|Any CPU
		{6529E296-B0B8-4741-B8F8-380B67D935FD}.Release|Any CPU.Build.0 = Release|Any CPU
		{6529E296-B0B8-4741-B8F8-380B67D935FD}.Release|x64.ActiveCfg = Release|Any CPU
		{6529E296-B0B8-4741-B8F8-380B67D935FD}.Release|x64.Build.0 = Release|Any CPU
		{6529E296-B0B8-4741-B8F8-380B67D935FD}.Release|x86.ActiveCfg = Release|Any CPU
		{6529E296-B0B8-4741-B8F8-380B67D935FD}.Release|x86.Build.0 = Release|Any CPU
		{E16252C1-3C43-456E-BE58-11B9E524553C}.Debug|Any CPU.ActiveCfg = Debug|Any CPU
		{E16252C1-3C43-456E-BE58-11B9E524553C}.Debug|Any CPU.Build.0 = Debug|Any CPU
		{E16252C1-3C43-456E-BE58-11B9E524553C}.Debug|x64.ActiveCfg = Debug|Any CPU
		{E16252C1-3C43-456E-BE58-11B9E524553C}.Debug|x64.Build.0 = Debug|Any CPU
		{E16252C1-3C43-456E-BE58-11B9E524553C}.Debug|x86.ActiveCfg = Debug|Any CPU
		{E16252C1-3C43-456E-BE58-11B9E524553C}.Debug|x86.Build.0 = Debug|Any CPU
		{E16252C1-3C43-456E-BE58-11B9E524553C}.Release|Any CPU.ActiveCfg = Release|Any CPU
		{E16252C1-3C43-456E-BE58-11B9E524553C}.Release|Any CPU.Build.0 = Release|Any CPU
		{E16252C1-3C43-456E-BE58-11B9E524553C}.Release|x64.ActiveCfg = Release|Any CPU
		{E16252C1-3C43-456E-BE58-11B9E524553C}.Release|x64.Build.0 = Release|Any CPU
		{E16252C1-3C43-456E-BE58-11B9E524553C}.Release|x86.ActiveCfg = Release|Any CPU
		{E16252C1-3C43-456E-BE58-11B9E524553C}.Release|x86.Build.0 = Release|Any CPU
		{223792CF-8B40-48FE-B91D-955A5AB54D58}.Debug|Any CPU.ActiveCfg = Debug|Any CPU
		{223792CF-8B40-48FE-B91D-955A5AB54D58}.Debug|Any CPU.Build.0 = Debug|Any CPU
		{223792CF-8B40-48FE-B91D-955A5AB54D58}.Debug|x64.ActiveCfg = Debug|Any CPU
		{223792CF-8B40-48FE-B91D-955A5AB54D58}.Debug|x64.Build.0 = Debug|Any CPU
		{223792CF-8B40-48FE-B91D-955A5AB54D58}.Debug|x86.ActiveCfg = Debug|Any CPU
		{223792CF-8B40-48FE-B91D-955A5AB54D58}.Debug|x86.Build.0 = Debug|Any CPU
		{223792CF-8B40-48FE-B91D-955A5AB54D58}.Release|Any CPU.ActiveCfg = Release|Any CPU
		{223792CF-8B40-48FE-B91D-955A5AB54D58}.Release|Any CPU.Build.0 = Release|Any CPU
		{223792CF-8B40-48FE-B91D-955A5AB54D58}.Release|x64.ActiveCfg = Release|Any CPU
		{223792CF-8B40-48FE-B91D-955A5AB54D58}.Release|x64.Build.0 = Release|Any CPU
		{223792CF-8B40-48FE-B91D-955A5AB54D58}.Release|x86.ActiveCfg = Release|Any CPU
		{223792CF-8B40-48FE-B91D-955A5AB54D58}.Release|x86.Build.0 = Release|Any CPU
	EndGlobalSection
EndGlobal
